// !$*UTF8*$!
{
	archiveVersion = 1;
	classes = {
	};
	objectVersion = 56;
	objects = {

/* Begin PBXBuildFile section */
		1979196128DBFA1D00AC6406 /* StorageApp.swift in Sources */ = {isa = PBXBuildFile; fileRef = 1979196028DBFA1D00AC6406 /* StorageApp.swift */; };
		1979196328DBFA1D00AC6406 /* ContentView.swift in Sources */ = {isa = PBXBuildFile; fileRef = 1979196228DBFA1D00AC6406 /* ContentView.swift */; };
		1979196528DBFA1E00AC6406 /* Assets.xcassets in Resources */ = {isa = PBXBuildFile; fileRef = 1979196428DBFA1E00AC6406 /* Assets.xcassets */; };
		1979196828DBFA1E00AC6406 /* Preview Assets.xcassets in Resources */ = {isa = PBXBuildFile; fileRef = 1979196728DBFA1E00AC6406 /* Preview Assets.xcassets */; };
		1979196F28DBFA4100AC6406 /* MemoryStorage.swift in Sources */ = {isa = PBXBuildFile; fileRef = 1979196E28DBFA4100AC6406 /* MemoryStorage.swift */; };
		1979197128DBFA4F00AC6406 /* IStorage.swift in Sources */ = {isa = PBXBuildFile; fileRef = 1979197028DBFA4F00AC6406 /* IStorage.swift */; };
		1979197328DBFE0300AC6406 /* UserDefaultsStorage.swift in Sources */ = {isa = PBXBuildFile; fileRef = 1979197228DBFE0300AC6406 /* UserDefaultsStorage.swift */; };
		1979197528DC00DE00AC6406 /* FileStorage.swift in Sources */ = {isa = PBXBuildFile; fileRef = 1979197428DC00DE00AC6406 /* FileStorage.swift */; };
		1979197D28DC15F200AC6406 /* ConcurrentTests.swift in Sources */ = {isa = PBXBuildFile; fileRef = 1979197C28DC15F200AC6406 /* ConcurrentTests.swift */; };
		19ACD9C828E18C3500386493 /* SerialTests.swift in Sources */ = {isa = PBXBuildFile; fileRef = 19ACD9C728E18C3500386493 /* SerialTests.swift */; };
		19ACD9CA28E190D600386493 /* PerformanceTests.swift in Sources */ = {isa = PBXBuildFile; fileRef = 19ACD9C928E190D600386493 /* PerformanceTests.swift */; };
/* End PBXBuildFile section */

/* Begin PBXContainerItemProxy section */
		1979197E28DC15F200AC6406 /* PBXContainerItemProxy */ = {
			isa = PBXContainerItemProxy;
			containerPortal = 1979195528DBFA1D00AC6406 /* Project object */;
			proxyType = 1;
			remoteGlobalIDString = 1979195C28DBFA1D00AC6406;
			remoteInfo = Storage;
		};
/* End PBXContainerItemProxy section */

/* Begin PBXFileReference section */
		1979195D28DBFA1D00AC6406 /* Storage.app */ = {isa = PBXFileReference; explicitFileType = wrapper.application; includeInIndex = 0; path = Storage.app; sourceTree = BUILT_PRODUCTS_DIR; };
		1979196028DBFA1D00AC6406 /* StorageApp.swift */ = {isa = PBXFileReference; lastKnownFileType = sourcecode.swift; path = StorageApp.swift; sourceTree = "<group>"; };
		1979196228DBFA1D00AC6406 /* ContentView.swift */ = {isa = PBXFileReference; lastKnownFileType = sourcecode.swift; path = ContentView.swift; sourceTree = "<group>"; };
		1979196428DBFA1E00AC6406 /* Assets.xcassets */ = {isa = PBXFileReference; lastKnownFileType = folder.assetcatalog; path = Assets.xcassets; sourceTree = "<group>"; };
		1979196728DBFA1E00AC6406 /* Preview Assets.xcassets */ = {isa = PBXFileReference; lastKnownFileType = folder.assetcatalog; path = "Preview Assets.xcassets"; sourceTree = "<group>"; };
		1979196E28DBFA4100AC6406 /* MemoryStorage.swift */ = {isa = PBXFileReference; lastKnownFileType = sourcecode.swift; path = MemoryStorage.swift; sourceTree = "<group>"; };
		1979197028DBFA4F00AC6406 /* IStorage.swift */ = {isa = PBXFileReference; lastKnownFileType = sourcecode.swift; path = IStorage.swift; sourceTree = "<group>"; };
		1979197228DBFE0300AC6406 /* UserDefaultsStorage.swift */ = {isa = PBXFileReference; lastKnownFileType = sourcecode.swift; path = UserDefaultsStorage.swift; sourceTree = "<group>"; };
		1979197428DC00DE00AC6406 /* FileStorage.swift */ = {isa = PBXFileReference; lastKnownFileType = sourcecode.swift; path = FileStorage.swift; sourceTree = "<group>"; };
		1979197A28DC15F200AC6406 /* StorageTests.xctest */ = {isa = PBXFileReference; explicitFileType = wrapper.cfbundle; includeInIndex = 0; path = StorageTests.xctest; sourceTree = BUILT_PRODUCTS_DIR; };
		1979197C28DC15F200AC6406 /* ConcurrentTests.swift */ = {isa = PBXFileReference; lastKnownFileType = sourcecode.swift; path = ConcurrentTests.swift; sourceTree = "<group>"; };
		19ACD9C728E18C3500386493 /* SerialTests.swift */ = {isa = PBXFileReference; lastKnownFileType = sourcecode.swift; path = SerialTests.swift; sourceTree = "<group>"; };
		19ACD9C928E190D600386493 /* PerformanceTests.swift */ = {isa = PBXFileReference; lastKnownFileType = sourcecode.swift; path = PerformanceTests.swift; sourceTree = "<group>"; };
/* End PBXFileReference section */

/* Begin PBXFrameworksBuildPhase section */
		1979195A28DBFA1D00AC6406 /* Frameworks */ = {
			isa = PBXFrameworksBuildPhase;
			buildActionMask = 2147483647;
			files = (
			);
			runOnlyForDeploymentPostprocessing = 0;
		};
		1979197728DC15F200AC6406 /* Frameworks */ = {
			isa = PBXFrameworksBuildPhase;
			buildActionMask = 2147483647;
			files = (
			);
			runOnlyForDeploymentPostprocessing = 0;
		};
/* End PBXFrameworksBuildPhase section */

/* Begin PBXGroup section */
		1979195428DBFA1D00AC6406 = {
			isa = PBXGroup;
			children = (
				1979195F28DBFA1D00AC6406 /* Storage */,
				1979197B28DC15F200AC6406 /* StorageTests */,
				1979195E28DBFA1D00AC6406 /* Products */,
			);
			sourceTree = "<group>";
		};
		1979195E28DBFA1D00AC6406 /* Products */ = {
			isa = PBXGroup;
			children = (
				1979195D28DBFA1D00AC6406 /* Storage.app */,
				1979197A28DC15F200AC6406 /* StorageTests.xctest */,
			);
			name = Products;
			sourceTree = "<group>";
		};
		1979195F28DBFA1D00AC6406 /* Storage */ = {
			isa = PBXGroup;
			children = (
				1979196028DBFA1D00AC6406 /* StorageApp.swift */,
				1979196228DBFA1D00AC6406 /* ContentView.swift */,
				1979196428DBFA1E00AC6406 /* Assets.xcassets */,
				1979196628DBFA1E00AC6406 /* Preview Content */,
				1979197028DBFA4F00AC6406 /* IStorage.swift */,
				1979196E28DBFA4100AC6406 /* MemoryStorage.swift */,
				1979197228DBFE0300AC6406 /* UserDefaultsStorage.swift */,
				1979197428DC00DE00AC6406 /* FileStorage.swift */,
			);
			path = Storage;
			sourceTree = "<group>";
		};
		1979196628DBFA1E00AC6406 /* Preview Content */ = {
			isa = PBXGroup;
			children = (
				1979196728DBFA1E00AC6406 /* Preview Assets.xcassets */,
			);
			path = "Preview Content";
			sourceTree = "<group>";
		};
		1979197B28DC15F200AC6406 /* StorageTests */ = {
			isa = PBXGroup;
			children = (
				1979197C28DC15F200AC6406 /* ConcurrentTests.swift */,
				19ACD9C728E18C3500386493 /* SerialTests.swift */,
				19ACD9C928E190D600386493 /* PerformanceTests.swift */,
			);
			path = StorageTests;
			sourceTree = "<group>";
		};
/* End PBXGroup section */

/* Begin PBXNativeTarget section */
		1979195C28DBFA1D00AC6406 /* Storage */ = {
			isa = PBXNativeTarget;
			buildConfigurationList = 1979196B28DBFA1E00AC6406 /* Build configuration list for PBXNativeTarget "Storage" */;
			buildPhases = (
				1979195928DBFA1D00AC6406 /* Sources */,
				1979195A28DBFA1D00AC6406 /* Frameworks */,
				1979195B28DBFA1D00AC6406 /* Resources */,
			);
			buildRules = (
			);
			dependencies = (
			);
			name = Storage;
			productName = Storage;
			productReference = 1979195D28DBFA1D00AC6406 /* Storage.app */;
			productType = "com.apple.product-type.application";
		};
		1979197928DC15F200AC6406 /* StorageTests */ = {
			isa = PBXNativeTarget;
			buildConfigurationList = 1979198028DC15F200AC6406 /* Build configuration list for PBXNativeTarget "StorageTests" */;
			buildPhases = (
				1979197628DC15F200AC6406 /* Sources */,
				1979197728DC15F200AC6406 /* Frameworks */,
				1979197828DC15F200AC6406 /* Resources */,
			);
			buildRules = (
			);
			dependencies = (
				1979197F28DC15F200AC6406 /* PBXTargetDependency */,
			);
			name = StorageTests;
			productName = StorageTests;
			productReference = 1979197A28DC15F200AC6406 /* StorageTests.xctest */;
			productType = "com.apple.product-type.bundle.unit-test";
		};
/* End PBXNativeTarget section */

/* Begin PBXProject section */
		1979195528DBFA1D00AC6406 /* Project object */ = {
			isa = PBXProject;
			attributes = {
				BuildIndependentTargetsInParallel = 1;
				LastSwiftUpdateCheck = 1400;
				LastUpgradeCheck = 1400;
				TargetAttributes = {
					1979195C28DBFA1D00AC6406 = {
						CreatedOnToolsVersion = 14.0;
					};
					1979197928DC15F200AC6406 = {
						CreatedOnToolsVersion = 14.0;
						TestTargetID = 1979195C28DBFA1D00AC6406;
					};
				};
			};
			buildConfigurationList = 1979195828DBFA1D00AC6406 /* Build configuration list for PBXProject "Storage" */;
			compatibilityVersion = "Xcode 14.0";
			developmentRegion = en;
			hasScannedForEncodings = 0;
			knownRegions = (
				en,
				Base,
			);
			mainGroup = 1979195428DBFA1D00AC6406;
			productRefGroup = 1979195E28DBFA1D00AC6406 /* Products */;
			projectDirPath = "";
			projectRoot = "";
			targets = (
				1979195C28DBFA1D00AC6406 /* Storage */,
				1979197928DC15F200AC6406 /* StorageTests */,
			);
		};
/* End PBXProject section */

/* Begin PBXResourcesBuildPhase section */
		1979195B28DBFA1D00AC6406 /* Resources */ = {
			isa = PBXResourcesBuildPhase;
			buildActionMask = 2147483647;
			files = (
				1979196828DBFA1E00AC6406 /* Preview Assets.xcassets in Resources */,
				1979196528DBFA1E00AC6406 /* Assets.xcassets in Resources */,
			);
			runOnlyForDeploymentPostprocessing = 0;
		};
		1979197828DC15F200AC6406 /* Resources */ = {
			isa = PBXResourcesBuildPhase;
			buildActionMask = 2147483647;
			files = (
			);
			runOnlyForDeploymentPostprocessing = 0;
		};
/* End PBXResourcesBuildPhase section */

/* Begin PBXSourcesBuildPhase section */
		1979195928DBFA1D00AC6406 /* Sources */ = {
			isa = PBXSourcesBuildPhase;
			buildActionMask = 2147483647;
			files = (
				1979197328DBFE0300AC6406 /* UserDefaultsStorage.swift in Sources */,
				1979196F28DBFA4100AC6406 /* MemoryStorage.swift in Sources */,
				1979196328DBFA1D00AC6406 /* ContentView.swift in Sources */,
				1979196128DBFA1D00AC6406 /* StorageApp.swift in Sources */,
				1979197128DBFA4F00AC6406 /* IStorage.swift in Sources */,
				1979197528DC00DE00AC6406 /* FileStorage.swift in Sources */,
			);
			runOnlyForDeploymentPostprocessing = 0;
		};
		1979197628DC15F200AC6406 /* Sources */ = {
			isa = PBXSourcesBuildPhase;
			buildActionMask = 2147483647;
			files = (
				1979197D28DC15F200AC6406 /* ConcurrentTests.swift in Sources */,
				19ACD9C828E18C3500386493 /* SerialTests.swift in Sources */,
				19ACD9CA28E190D600386493 /* PerformanceTests.swift in Sources */,
			);
			runOnlyForDeploymentPostprocessing = 0;
		};
/* End PBXSourcesBuildPhase section */

/* Begin PBXTargetDependency section */
		1979197F28DC15F200AC6406 /* PBXTargetDependency */ = {
			isa = PBXTargetDependency;
			target = 1979195C28DBFA1D00AC6406 /* Storage */;
			targetProxy = 1979197E28DC15F200AC6406 /* PBXContainerItemProxy */;
		};
/* End PBXTargetDependency section */

/* Begin XCBuildConfiguration section */
		1979196928DBFA1E00AC6406 /* Debug */ = {
			isa = XCBuildConfiguration;
			buildSettings = {
				ALWAYS_SEARCH_USER_PATHS = NO;
				CLANG_ANALYZER_NONNULL = YES;
				CLANG_ANALYZER_NUMBER_OBJECT_CONVERSION = YES_AGGRESSIVE;
				CLANG_CXX_LANGUAGE_STANDARD = "gnu++20";
				CLANG_ENABLE_MODULES = YES;
				CLANG_ENABLE_OBJC_ARC = YES;
				CLANG_ENABLE_OBJC_WEAK = YES;
				CLANG_WARN_BLOCK_CAPTURE_AUTORELEASING = YES;
				CLANG_WARN_BOOL_CONVERSION = YES;
				CLANG_WARN_COMMA = YES;
				CLANG_WARN_CONSTANT_CONVERSION = YES;
				CLANG_WARN_DEPRECATED_OBJC_IMPLEMENTATIONS = YES;
				CLANG_WARN_DIRECT_OBJC_ISA_USAGE = YES_ERROR;
				CLANG_WARN_DOCUMENTATION_COMMENTS = YES;
				CLANG_WARN_EMPTY_BODY = YES;
				CLANG_WARN_ENUM_CONVERSION = YES;
				CLANG_WARN_INFINITE_RECURSION = YES;
				CLANG_WARN_INT_CONVERSION = YES;
				CLANG_WARN_NON_LITERAL_NULL_CONVERSION = YES;
				CLANG_WARN_OBJC_IMPLICIT_RETAIN_SELF = YES;
				CLANG_WARN_OBJC_LITERAL_CONVERSION = YES;
				CLANG_WARN_OBJC_ROOT_CLASS = YES_ERROR;
				CLANG_WARN_QUOTED_INCLUDE_IN_FRAMEWORK_HEADER = YES;
				CLANG_WARN_RANGE_LOOP_ANALYSIS = YES;
				CLANG_WARN_STRICT_PROTOTYPES = YES;
				CLANG_WARN_SUSPICIOUS_MOVE = YES;
				CLANG_WARN_UNGUARDED_AVAILABILITY = YES_AGGRESSIVE;
				CLANG_WARN_UNREACHABLE_CODE = YES;
				CLANG_WARN__DUPLICATE_METHOD_MATCH = YES;
				COPY_PHASE_STRIP = NO;
				DEBUG_INFORMATION_FORMAT = dwarf;
				ENABLE_STRICT_OBJC_MSGSEND = YES;
				ENABLE_TESTABILITY = YES;
				GCC_C_LANGUAGE_STANDARD = gnu11;
				GCC_DYNAMIC_NO_PIC = NO;
				GCC_NO_COMMON_BLOCKS = YES;
				GCC_OPTIMIZATION_LEVEL = 0;
				GCC_PREPROCESSOR_DEFINITIONS = (
					"DEBUG=1",
					"$(inherited)",
				);
				GCC_WARN_64_TO_32_BIT_CONVERSION = YES;
				GCC_WARN_ABOUT_RETURN_TYPE = YES_ERROR;
				GCC_WARN_UNDECLARED_SELECTOR = YES;
				GCC_WARN_UNINITIALIZED_AUTOS = YES_AGGRESSIVE;
				GCC_WARN_UNUSED_FUNCTION = YES;
				GCC_WARN_UNUSED_VARIABLE = YES;
				IPHONEOS_DEPLOYMENT_TARGET = 16.0;
				MTL_ENABLE_DEBUG_INFO = INCLUDE_SOURCE;
				MTL_FAST_MATH = YES;
				ONLY_ACTIVE_ARCH = YES;
				SDKROOT = iphoneos;
				SWIFT_ACTIVE_COMPILATION_CONDITIONS = DEBUG;
				SWIFT_OPTIMIZATION_LEVEL = "-Onone";
			};
			name = Debug;
		};
		1979196A28DBFA1E00AC6406 /* Release */ = {
			isa = XCBuildConfiguration;
			buildSettings = {
				ALWAYS_SEARCH_USER_PATHS = NO;
				CLANG_ANALYZER_NONNULL = YES;
				CLANG_ANALYZER_NUMBER_OBJECT_CONVERSION = YES_AGGRESSIVE;
				CLANG_CXX_LANGUAGE_STANDARD = "gnu++20";
				CLANG_ENABLE_MODULES = YES;
				CLANG_ENABLE_OBJC_ARC = YES;
				CLANG_ENABLE_OBJC_WEAK = YES;
				CLANG_WARN_BLOCK_CAPTURE_AUTORELEASING = YES;
				CLANG_WARN_BOOL_CONVERSION = YES;
				CLANG_WARN_COMMA = YES;
				CLANG_WARN_CONSTANT_CONVERSION = YES;
				CLANG_WARN_DEPRECATED_OBJC_IMPLEMENTATIONS = YES;
				CLANG_WARN_DIRECT_OBJC_ISA_USAGE = YES_ERROR;
				CLANG_WARN_DOCUMENTATION_COMMENTS = YES;
				CLANG_WARN_EMPTY_BODY = YES;
				CLANG_WARN_ENUM_CONVERSION = YES;
				CLANG_WARN_INFINITE_RECURSION = YES;
				CLANG_WARN_INT_CONVERSION = YES;
				CLANG_WARN_NON_LITERAL_NULL_CONVERSION = YES;
				CLANG_WARN_OBJC_IMPLICIT_RETAIN_SELF = YES;
				CLANG_WARN_OBJC_LITERAL_CONVERSION = YES;
				CLANG_WARN_OBJC_ROOT_CLASS = YES_ERROR;
				CLANG_WARN_QUOTED_INCLUDE_IN_FRAMEWORK_HEADER = YES;
				CLANG_WARN_RANGE_LOOP_ANALYSIS = YES;
				CLANG_WARN_STRICT_PROTOTYPES = YES;
				CLANG_WARN_SUSPICIOUS_MOVE = YES;
				CLANG_WARN_UNGUARDED_AVAILABILITY = YES_AGGRESSIVE;
				CLANG_WARN_UNREACHABLE_CODE = YES;
				CLANG_WARN__DUPLICATE_METHOD_MATCH = YES;
				COPY_PHASE_STRIP = NO;
				DEBUG_INFORMATION_FORMAT = "dwarf-with-dsym";
				ENABLE_NS_ASSERTIONS = NO;
				ENABLE_STRICT_OBJC_MSGSEND = YES;
				GCC_C_LANGUAGE_STANDARD = gnu11;
				GCC_NO_COMMON_BLOCKS = YES;
				GCC_WARN_64_TO_32_BIT_CONVERSION = YES;
				GCC_WARN_ABOUT_RETURN_TYPE = YES_ERROR;
				GCC_WARN_UNDECLARED_SELECTOR = YES;
				GCC_WARN_UNINITIALIZED_AUTOS = YES_AGGRESSIVE;
				GCC_WARN_UNUSED_FUNCTION = YES;
				GCC_WARN_UNUSED_VARIABLE = YES;
				IPHONEOS_DEPLOYMENT_TARGET = 16.0;
				MTL_ENABLE_DEBUG_INFO = NO;
				MTL_FAST_MATH = YES;
				SDKROOT = iphoneos;
				SWIFT_COMPILATION_MODE = wholemodule;
				SWIFT_OPTIMIZATION_LEVEL = "-O";
				VALIDATE_PRODUCT = YES;
			};
			name = Release;
		};
		1979196C28DBFA1E00AC6406 /* Debug */ = {
			isa = XCBuildConfiguration;
			buildSettings = {
				ASSETCATALOG_COMPILER_APPICON_NAME = AppIcon;
				ASSETCATALOG_COMPILER_GLOBAL_ACCENT_COLOR_NAME = AccentColor;
				CODE_SIGN_STYLE = Automatic;
				CURRENT_PROJECT_VERSION = 1;
				DEVELOPMENT_ASSET_PATHS = "\"Storage/Preview Content\"";
				DEVELOPMENT_TEAM = 89944GJ9HX;
				ENABLE_PREVIEWS = YES;
				GENERATE_INFOPLIST_FILE = YES;
				INFOPLIST_KEY_UIApplicationSceneManifest_Generation = YES;
				INFOPLIST_KEY_UIApplicationSupportsIndirectInputEvents = YES;
				INFOPLIST_KEY_UILaunchScreen_Generation = YES;
				INFOPLIST_KEY_UISupportedInterfaceOrientations_iPad = "UIInterfaceOrientationPortrait UIInterfaceOrientationPortraitUpsideDown UIInterfaceOrientationLandscapeLeft UIInterfaceOrientationLandscapeRight";
				INFOPLIST_KEY_UISupportedInterfaceOrientations_iPhone = "UIInterfaceOrientationPortrait UIInterfaceOrientationLandscapeLeft UIInterfaceOrientationLandscapeRight";
				LD_RUNPATH_SEARCH_PATHS = (
					"$(inherited)",
					"@executable_path/Frameworks",
				);
				MARKETING_VERSION = 1.0;
				PRODUCT_BUNDLE_IDENTIFIER = com.kakeru.Storage;
				PRODUCT_NAME = "$(TARGET_NAME)";
				SWIFT_EMIT_LOC_STRINGS = YES;
				SWIFT_VERSION = 5.0;
				TARGETED_DEVICE_FAMILY = "1,2";
			};
			name = Debug;
		};
		1979196D28DBFA1E00AC6406 /* Release */ = {
			isa = XCBuildConfiguration;
			buildSettings = {
				ASSETCATALOG_COMPILER_APPICON_NAME = AppIcon;
				ASSETCATALOG_COMPILER_GLOBAL_ACCENT_COLOR_NAME = AccentColor;
				CODE_SIGN_STYLE = Automatic;
				CURRENT_PROJECT_VERSION = 1;
				DEVELOPMENT_ASSET_PATHS = "\"Storage/Preview Content\"";
				DEVELOPMENT_TEAM = 89944GJ9HX;
				ENABLE_PREVIEWS = YES;
				GENERATE_INFOPLIST_FILE = YES;
				INFOPLIST_KEY_UIApplicationSceneManifest_Generation = YES;
				INFOPLIST_KEY_UIApplicationSupportsIndirectInputEvents = YES;
				INFOPLIST_KEY_UILaunchScreen_Generation = YES;
				INFOPLIST_KEY_UISupportedInterfaceOrientations_iPad = "UIInterfaceOrientationPortrait UIInterfaceOrientationPortraitUpsideDown UIInterfaceOrientationLandscapeLeft UIInterfaceOrientationLandscapeRight";
				INFOPLIST_KEY_UISupportedInterfaceOrientations_iPhone = "UIInterfaceOrientationPortrait UIInterfaceOrientationLandscapeLeft UIInterfaceOrientationLandscapeRight";
				LD_RUNPATH_SEARCH_PATHS = (
					"$(inherited)",
					"@executable_path/Frameworks",
				);
				MARKETING_VERSION = 1.0;
				PRODUCT_BUNDLE_IDENTIFIER = com.kakeru.Storage;
				PRODUCT_NAME = "$(TARGET_NAME)";
				SWIFT_EMIT_LOC_STRINGS = YES;
				SWIFT_VERSION = 5.0;
				TARGETED_DEVICE_FAMILY = "1,2";
			};
			name = Release;
		};
		1979198128DC15F200AC6406 /* Debug */ = {
			isa = XCBuildConfiguration;
			buildSettings = {
				BUNDLE_LOADER = "$(TEST_HOST)";
				CODE_SIGN_STYLE = Automatic;
				CURRENT_PROJECT_VERSION = 1;
				DEVELOPMENT_TEAM = 89944GJ9HX;
				GENERATE_INFOPLIST_FILE = YES;
				MARKETING_VERSION = 1.0;
				PRODUCT_BUNDLE_IDENTIFIER = com.kakeru.StorageTests;
				PRODUCT_NAME = "$(TARGET_NAME)";
				SWIFT_EMIT_LOC_STRINGS = NO;
				SWIFT_VERSION = 5.0;
				TARGETED_DEVICE_FAMILY = "1,2";
				TEST_HOST = "$(BUILT_PRODUCTS_DIR)/Storage.app/$(BUNDLE_EXECUTABLE_FOLDER_PATH)/Storage";
			};
			name = Debug;
		};
		1979198228DC15F200AC6406 /* Release */ = {
			isa = XCBuildConfiguration;
			buildSettings = {
				BUNDLE_LOADER = "$(TEST_HOST)";
				CODE_SIGN_STYLE = Automatic;
				CURRENT_PROJECT_VERSION = 1;
				DEVELOPMENT_TEAM = 89944GJ9HX;
				GENERATE_INFOPLIST_FILE = YES;
				MARKETING_VERSION = 1.0;
				PRODUCT_BUNDLE_IDENTIFIER = com.kakeru.StorageTests;
				PRODUCT_NAME = "$(TARGET_NAME)";
				SWIFT_EMIT_LOC_STRINGS = NO;
				SWIFT_VERSION = 5.0;
				TARGETED_DEVICE_FAMILY = "1,2";
				TEST_HOST = "$(BUILT_PRODUCTS_DIR)/Storage.app/$(BUNDLE_EXECUTABLE_FOLDER_PATH)/Storage";
			};
			name = Release;
		};
/* End XCBuildConfiguration section */

/* Begin XCConfigurationList section */
		1979195828DBFA1D00AC6406 /* Build configuration list for PBXProject "Storage" */ = {
			isa = XCConfigurationList;
			buildConfigurations = (
				1979196928DBFA1E00AC6406 /* Debug */,
				1979196A28DBFA1E00AC6406 /* Release */,
			);
			defaultConfigurationIsVisible = 0;
			defaultConfigurationName = Release;
		};
		1979196B28DBFA1E00AC6406 /* Build configuration list for PBXNativeTarget "Storage" */ = {
			isa = XCConfigurationList;
			buildConfigurations = (
				1979196C28DBFA1E00AC6406 /* Debug */,
				1979196D28DBFA1E00AC6406 /* Release */,
			);
			defaultConfigurationIsVisible = 0;
			defaultConfigurationName = Release;
		};
		1979198028DC15F200AC6406 /* Build configuration list for PBXNativeTarget "StorageTests" */ = {
			isa = XCConfigurationList;
			buildConfigurations = (
				1979198128DC15F200AC6406 /* Debug */,
				1979198228DC15F200AC6406 /* Release */,
			);
			defaultConfigurationIsVisible = 0;
			defaultConfigurationName = Release;
		};
/* End XCConfigurationList section */
	};
	rootObject = 1979195528DBFA1D00AC6406 /* Project object */;
}
